
Microsoft Visual Studio Solution File, Format Version 12.00
# Visual Studio 2013
VisualStudioVersion = 12.0.30501.0
MinimumVisualStudioVersion = 10.0.40219.1
Project("{2150E333-8FDC-42A3-9474-1A3956D46DE8}") = "0-Modeling and Design", "0-Modeling and Design", "{B27E304F-1BE5-4F81-B0F4-A168D7577AA8}"
EndProject
Project("{2150E333-8FDC-42A3-9474-1A3956D46DE8}") = "1-Layers", "1-Layers", "{AA679EBC-0A56-4C83-A52C-8D0BC14A76A6}"
EndProject
Project("{2150E333-8FDC-42A3-9474-1A3956D46DE8}") = "1.1-Presentation", "1.1-Presentation", "{6EDC4C4B-2332-4065-A43F-11A17C8179CF}"
EndProject
Project("{2150E333-8FDC-42A3-9474-1A3956D46DE8}") = "1.2-Distributed Services", "1.2-Distributed Services", "{09418F81-3128-4757-BB88-7207AC3FF7F3}"
EndProject
Project("{2150E333-8FDC-42A3-9474-1A3956D46DE8}") = "1.3-Application", "1.3-Application", "{A0AA0538-5B57-4865-BFA1-302C37945572}"
EndProject
Project("{2150E333-8FDC-42A3-9474-1A3956D46DE8}") = "1.4-Domain", "1.4-Domain", "{64909DDD-6C75-4882-98FE-BC7B3B2D872B}"
EndProject
Project("{2150E333-8FDC-42A3-9474-1A3956D46DE8}") = "1.5-Infrastructure", "1.5-Infrastructure", "{E543C9F2-6A48-45E2-9485-EA100546B9D1}"
EndProject
Project("{2150E333-8FDC-42A3-9474-1A3956D46DE8}") = "9-Solution Items", "9-Solution Items", "{C0FA3775-2C67-42AC-842F-96F65C2D30A5}"
	ProjectSection(SolutionItems) = preProject
		SharedAssemblyInfo.cs = SharedAssemblyInfo.cs
	EndProjectSection
EndProject
Project("{2150E333-8FDC-42A3-9474-1A3956D46DE8}") = "1.1.1-Web", "1.1.1-Web", "{0604C9D5-04AF-4FA7-AB43-D5B09E08182C}"
EndProject
Project("{2150E333-8FDC-42A3-9474-1A3956D46DE8}") = "1.3.1-Seedwork", "1.3.1-Seedwork", "{71573BF1-7F35-46A5-AE3A-B78978D18E70}"
EndProject
Project("{2150E333-8FDC-42A3-9474-1A3956D46DE8}") = "1.3.2-Core", "1.3.2-Core", "{4767B2FC-EBDF-4AD8-BC47-59B637CC688C}"
EndProject
Project("{2150E333-8FDC-42A3-9474-1A3956D46DE8}") = "1.2.1-Seedwork", "1.2.1-Seedwork", "{7728CFE4-726F-4C5A-9C83-4232FB50DC59}"
EndProject
Project("{2150E333-8FDC-42A3-9474-1A3956D46DE8}") = "1.2.2-Core", "1.2.2-Core", "{E3EC3358-76B3-45FE-BB2A-3D3290C6EC94}"
EndProject
Project("{2150E333-8FDC-42A3-9474-1A3956D46DE8}") = "1.4.1-Seedwork", "1.4.1-Seedwork", "{91B60DE7-C637-4607-B3FC-819B32BF867E}"
EndProject
Project("{2150E333-8FDC-42A3-9474-1A3956D46DE8}") = "1.4.2-Core", "1.4.2-Core", "{549E7179-9990-4CCB-B147-3718CAD50C00}"
EndProject
Project("{2150E333-8FDC-42A3-9474-1A3956D46DE8}") = "1.5.1-Data", "1.5.1-Data", "{672994BE-E14D-4C2E-83F0-F14C13AB999F}"
EndProject
Project("{2150E333-8FDC-42A3-9474-1A3956D46DE8}") = "1.5.1.1-Seedwork", "1.5.1.1-Seedwork", "{E18451B0-D690-44BC-B86A-799678B1CA82}"
EndProject
Project("{2150E333-8FDC-42A3-9474-1A3956D46DE8}") = "1.5.1.2-Core", "1.5.1.2-Core", "{EEB86149-2352-470D-BE79-5D83FD14F3E4}"
EndProject
Project("{2150E333-8FDC-42A3-9474-1A3956D46DE8}") = "1.5.2-CrossCutting", "1.5.2-CrossCutting", "{193CCC7E-4567-48CF-9219-63BE43856F5B}"
EndProject
Project("{2150E333-8FDC-42A3-9474-1A3956D46DE8}") = "1.5.2.1-Seedwork", "1.5.2.1-Seedwork", "{E195BFBF-CC63-4CCD-B674-22382E81C382}"
EndProject
Project("{2150E333-8FDC-42A3-9474-1A3956D46DE8}") = "1.5.3-DependencyResolution", "1.5.3-DependencyResolution", "{1D4DE361-72DD-43B5-A024-FF9588C793C5}"
EndProject
Project("{2150E333-8FDC-42A3-9474-1A3956D46DE8}") = "2-Database", "2-Database", "{73D1BFC4-301A-43EA-9032-E03365B984C4}"
EndProject
Project("{FAE04EC0-301F-11D3-BF4B-00C04F79EFBC}") = "Cobranza.Core.Infrastructure.Data", "Cobranza.Core.Infrastructure.Data\Cobranza.Core.Infrastructure.Data.csproj", "{0FA44DDC-7461-4F9F-ADFA-A8898288F476}"
EndProject
Project("{FAE04EC0-301F-11D3-BF4B-00C04F79EFBC}") = "Cobranza.Core.Domain", "Cobranza.Core.Domain\Cobranza.Core.Domain.csproj", "{88DCA67C-B827-4312-B97B-BCE5265F8882}"
EndProject
Project("{FAE04EC0-301F-11D3-BF4B-00C04F79EFBC}") = "Cobranza.Core.Infrastructure.Data.Seedwork", "Cobranza.Core.Infrastructure.Data.Seedwork\Cobranza.Core.Infrastructure.Data.Seedwork.csproj", "{61DE3CC2-E22B-47D9-AE46-47A28BF859A7}"
EndProject
Project("{FAE04EC0-301F-11D3-BF4B-00C04F79EFBC}") = "Cobranza.Core.Domain.Seedwork", "Cobranza.Core.Domain.Seedwork\Cobranza.Core.Domain.Seedwork.csproj", "{5A14A1FB-350C-432F-B5E3-778607CED0DD}"
EndProject
Project("{FAE04EC0-301F-11D3-BF4B-00C04F79EFBC}") = "Cobranza.Core.Application", "Cobranza.Core.Application\Cobranza.Core.Application.csproj", "{0618C481-881F-4736-98C4-98A6F284C377}"
EndProject
Project("{FAE04EC0-301F-11D3-BF4B-00C04F79EFBC}") = "Cobranza.Core.Application.Dto", "Cobranza.Core.Application.Dto\Cobranza.Core.Application.Dto.csproj", "{3F77741F-CC79-4072-91CB-52FFEF46B9DC}"
EndProject
Project("{FAE04EC0-301F-11D3-BF4B-00C04F79EFBC}") = "Cobranza.Core.Application.Seedwork", "Cobranza.Core.Application.Seedwork\Cobranza.Core.Application.Seedwork.csproj", "{67C6C1B5-3718-4540-A88D-83FE486AE922}"
EndProject
Project("{FAE04EC0-301F-11D3-BF4B-00C04F79EFBC}") = "Cobranza.Core.DependencyResolution", "Cobranza.Core.DependencyResolution\Cobranza.Core.DependencyResolution.csproj", "{C8818BE0-C787-4386-8B0A-08FAEDA7E29B}"
EndProject
Project("{FAE04EC0-301F-11D3-BF4B-00C04F79EFBC}") = "Cobranza.Core.Infrastructure.Crosscutting.Seedwork", "Cobranza.Core.Infrastructure.Crosscutting.Seedwork\Cobranza.Core.Infrastructure.Crosscutting.Seedwork.csproj", "{02745211-F118-4833-8A60-CBAB49CC1C47}"
EndProject
Project("{FAE04EC0-301F-11D3-BF4B-00C04F79EFBC}") = "Cobranza.Core.Infrastructure.Crosscutting.NetFramework", "Cobranza.Core.Infrastructure.Crosscutting.NetFramework\Cobranza.Core.Infrastructure.Crosscutting.NetFramework.csproj", "{49316BF5-E7FC-4E5F-A54A-4D5482073C02}"
EndProject
Project("{00D1A9C2-B5F0-4AF3-8072-F6C62B433612}") = "Cobranza.Core.Database", "Cobranza.Core.Database\Cobranza.Core.Database.sqlproj", "{34180BB0-6346-461B-9AD4-32E4E3C90DC6}"
EndProject
Project("{FAE04EC0-301F-11D3-BF4B-00C04F79EFBC}") = "Cobranza.Core.MvcApplication", "Cobranza.Core.MvcApplication\Cobranza.Core.MvcApplication.csproj", "{442F269D-F28E-4C60-8AEA-0E3A8B64EEDC}"
EndProject
Project("{FAE04EC0-301F-11D3-BF4B-00C04F79EFBC}") = "Cobranza.Core.DistributedServices.Seedwork", "Cobranza.Core.DistributedServices.Seedwork\Cobranza.Core.DistributedServices.Seedwork.csproj", "{76EBF78A-B5CD-4562-B838-AC610D3AAC90}"
EndProject
Project("{FAE04EC0-301F-11D3-BF4B-00C04F79EFBC}") = "Cobranza.Core.DistributedServices", "Cobranza.Core.DistributedServices\Cobranza.Core.DistributedServices.csproj", "{206413C4-EEE5-4820-86C7-C4C874D5DD0F}"
EndProject
Project("{FAE04EC0-301F-11D3-BF4B-00C04F79EFBC}") = "Cobranza.Core.Domain.Tests", "Cobranza.Core.Domain.Tests\Cobranza.Core.Domain.Tests.csproj", "{BA157117-F8E4-4720-A6F5-55339959E272}"
EndProject
Project("{FAE04EC0-301F-11D3-BF4B-00C04F79EFBC}") = "Cobranza.Core.Application.Tests", "Cobranza.Core.Application.Tests\Cobranza.Core.Application.Tests.csproj", "{AAFD2851-D852-4AC1-832A-9F16542EB241}"
EndProject
Project("{FAE04EC0-301F-11D3-BF4B-00C04F79EFBC}") = "Cobranza.Core.MvcApplication.Tests", "Cobranza.Core.MvcApplication.Tests\Cobranza.Core.MvcApplication.Tests.csproj", "{29945141-063A-4EC4-8DB0-51528432E041}"
EndProject
Global
	GlobalSection(SolutionConfigurationPlatforms) = preSolution
		Debug|Any CPU = Debug|Any CPU
		Debug|Mixed Platforms = Debug|Mixed Platforms
		Debug|x86 = Debug|x86
		Release|Any CPU = Release|Any CPU
		Release|Mixed Platforms = Release|Mixed Platforms
		Release|x86 = Release|x86
	EndGlobalSection
	GlobalSection(ProjectConfigurationPlatforms) = postSolution
		{0FA44DDC-7461-4F9F-ADFA-A8898288F476}.Debug|Any CPU.ActiveCfg = Debug|Any CPU
		{0FA44DDC-7461-4F9F-ADFA-A8898288F476}.Debug|Any CPU.Build.0 = Debug|Any CPU
		{0FA44DDC-7461-4F9F-ADFA-A8898288F476}.Debug|Mixed Platforms.ActiveCfg = Debug|Any CPU
		{0FA44DDC-7461-4F9F-ADFA-A8898288F476}.Debug|Mixed Platforms.Build.0 = Debug|Any CPU
		{0FA44DDC-7461-4F9F-ADFA-A8898288F476}.Debug|x86.ActiveCfg = Debug|Any CPU
		{0FA44DDC-7461-4F9F-ADFA-A8898288F476}.Release|Any CPU.ActiveCfg = Release|Any CPU
		{0FA44DDC-7461-4F9F-ADFA-A8898288F476}.Release|Any CPU.Build.0 = Release|Any CPU
		{0FA44DDC-7461-4F9F-ADFA-A8898288F476}.Release|Mixed Platforms.ActiveCfg = Release|Any CPU
		{0FA44DDC-7461-4F9F-ADFA-A8898288F476}.Release|Mixed Platforms.Build.0 = Release|Any CPU
		{0FA44DDC-7461-4F9F-ADFA-A8898288F476}.Release|x86.ActiveCfg = Release|Any CPU
		{88DCA67C-B827-4312-B97B-BCE5265F8882}.Debug|Any CPU.ActiveCfg = Debug|Any CPU
		{88DCA67C-B827-4312-B97B-BCE5265F8882}.Debug|Any CPU.Build.0 = Debug|Any CPU
		{88DCA67C-B827-4312-B97B-BCE5265F8882}.Debug|Mixed Platforms.ActiveCfg = Debug|Any CPU
		{88DCA67C-B827-4312-B97B-BCE5265F8882}.Debug|Mixed Platforms.Build.0 = Debug|Any CPU
		{88DCA67C-B827-4312-B97B-BCE5265F8882}.Debug|x86.ActiveCfg = Debug|Any CPU
		{88DCA67C-B827-4312-B97B-BCE5265F8882}.Release|Any CPU.ActiveCfg = Release|Any CPU
		{88DCA67C-B827-4312-B97B-BCE5265F8882}.Release|Any CPU.Build.0 = Release|Any CPU
		{88DCA67C-B827-4312-B97B-BCE5265F8882}.Release|Mixed Platforms.ActiveCfg = Release|Any CPU
		{88DCA67C-B827-4312-B97B-BCE5265F8882}.Release|Mixed Platforms.Build.0 = Release|Any CPU
		{88DCA67C-B827-4312-B97B-BCE5265F8882}.Release|x86.ActiveCfg = Release|Any CPU
		{61DE3CC2-E22B-47D9-AE46-47A28BF859A7}.Debug|Any CPU.ActiveCfg = Debug|Any CPU
		{61DE3CC2-E22B-47D9-AE46-47A28BF859A7}.Debug|Any CPU.Build.0 = Debug|Any CPU
		{61DE3CC2-E22B-47D9-AE46-47A28BF859A7}.Debug|Mixed Platforms.ActiveCfg = Debug|Any CPU
		{61DE3CC2-E22B-47D9-AE46-47A28BF859A7}.Debug|Mixed Platforms.Build.0 = Debug|Any CPU
		{61DE3CC2-E22B-47D9-AE46-47A28BF859A7}.Debug|x86.ActiveCfg = Debug|Any CPU
		{61DE3CC2-E22B-47D9-AE46-47A28BF859A7}.Release|Any CPU.ActiveCfg = Release|Any CPU
		{61DE3CC2-E22B-47D9-AE46-47A28BF859A7}.Release|Any CPU.Build.0 = Release|Any CPU
		{61DE3CC2-E22B-47D9-AE46-47A28BF859A7}.Release|Mixed Platforms.ActiveCfg = Release|Any CPU
		{61DE3CC2-E22B-47D9-AE46-47A28BF859A7}.Release|Mixed Platforms.Build.0 = Release|Any CPU
		{61DE3CC2-E22B-47D9-AE46-47A28BF859A7}.Release|x86.ActiveCfg = Release|Any CPU
		{5A14A1FB-350C-432F-B5E3-778607CED0DD}.Debug|Any CPU.ActiveCfg = Debug|Any CPU
		{5A14A1FB-350C-432F-B5E3-778607CED0DD}.Debug|Any CPU.Build.0 = Debug|Any CPU
		{5A14A1FB-350C-432F-B5E3-778607CED0DD}.Debug|Mixed Platforms.ActiveCfg = Debug|Any CPU
		{5A14A1FB-350C-432F-B5E3-778607CED0DD}.Debug|Mixed Platforms.Build.0 = Debug|Any CPU
		{5A14A1FB-350C-432F-B5E3-778607CED0DD}.Debug|x86.ActiveCfg = Debug|Any CPU
		{5A14A1FB-350C-432F-B5E3-778607CED0DD}.Release|Any CPU.ActiveCfg = Release|Any CPU
		{5A14A1FB-350C-432F-B5E3-778607CED0DD}.Release|Any CPU.Build.0 = Release|Any CPU
		{5A14A1FB-350C-432F-B5E3-778607CED0DD}.Release|Mixed Platforms.ActiveCfg = Release|Any CPU
		{5A14A1FB-350C-432F-B5E3-778607CED0DD}.Release|Mixed Platforms.Build.0 = Release|Any CPU
		{5A14A1FB-350C-432F-B5E3-778607CED0DD}.Release|x86.ActiveCfg = Release|Any CPU
		{0618C481-881F-4736-98C4-98A6F284C377}.Debug|Any CPU.ActiveCfg = Debug|Any CPU
		{0618C481-881F-4736-98C4-98A6F284C377}.Debug|Any CPU.Build.0 = Debug|Any CPU
		{0618C481-881F-4736-98C4-98A6F284C377}.Debug|Mixed Platforms.ActiveCfg = Debug|Any CPU
		{0618C481-881F-4736-98C4-98A6F284C377}.Debug|Mixed Platforms.Build.0 = Debug|Any CPU
		{0618C481-881F-4736-98C4-98A6F284C377}.Debug|x86.ActiveCfg = Debug|Any CPU
		{0618C481-881F-4736-98C4-98A6F284C377}.Release|Any CPU.ActiveCfg = Release|Any CPU
		{0618C481-881F-4736-98C4-98A6F284C377}.Release|Any CPU.Build.0 = Release|Any CPU
		{0618C481-881F-4736-98C4-98A6F284C377}.Release|Mixed Platforms.ActiveCfg = Release|Any CPU
		{0618C481-881F-4736-98C4-98A6F284C377}.Release|Mixed Platforms.Build.0 = Release|Any CPU
		{0618C481-881F-4736-98C4-98A6F284C377}.Release|x86.ActiveCfg = Release|Any CPU
		{3F77741F-CC79-4072-91CB-52FFEF46B9DC}.Debug|Any CPU.ActiveCfg = Debug|Any CPU
		{3F77741F-CC79-4072-91CB-52FFEF46B9DC}.Debug|Any CPU.Build.0 = Debug|Any CPU
		{3F77741F-CC79-4072-91CB-52FFEF46B9DC}.Debug|Mixed Platforms.ActiveCfg = Debug|Any CPU
		{3F77741F-CC79-4072-91CB-52FFEF46B9DC}.Debug|Mixed Platforms.Build.0 = Debug|Any CPU
		{3F77741F-CC79-4072-91CB-52FFEF46B9DC}.Debug|x86.ActiveCfg = Debug|Any CPU
		{3F77741F-CC79-4072-91CB-52FFEF46B9DC}.Release|Any CPU.ActiveCfg = Release|Any CPU
		{3F77741F-CC79-4072-91CB-52FFEF46B9DC}.Release|Any CPU.Build.0 = Release|Any CPU
		{3F77741F-CC79-4072-91CB-52FFEF46B9DC}.Release|Mixed Platforms.ActiveCfg = Release|Any CPU
		{3F77741F-CC79-4072-91CB-52FFEF46B9DC}.Release|Mixed Platforms.Build.0 = Release|Any CPU
		{3F77741F-CC79-4072-91CB-52FFEF46B9DC}.Release|x86.ActiveCfg = Release|Any CPU
		{67C6C1B5-3718-4540-A88D-83FE486AE922}.Debug|Any CPU.ActiveCfg = Debug|Any CPU
		{67C6C1B5-3718-4540-A88D-83FE486AE922}.Debug|Any CPU.Build.0 = Debug|Any CPU
		{67C6C1B5-3718-4540-A88D-83FE486AE922}.Debug|Mixed Platforms.ActiveCfg = Debug|Any CPU
		{67C6C1B5-3718-4540-A88D-83FE486AE922}.Debug|Mixed Platforms.Build.0 = Debug|Any CPU
		{67C6C1B5-3718-4540-A88D-83FE486AE922}.Debug|x86.ActiveCfg = Debug|Any CPU
		{67C6C1B5-3718-4540-A88D-83FE486AE922}.Release|Any CPU.ActiveCfg = Release|Any CPU
		{67C6C1B5-3718-4540-A88D-83FE486AE922}.Release|Any CPU.Build.0 = Release|Any CPU
		{67C6C1B5-3718-4540-A88D-83FE486AE922}.Release|Mixed Platforms.ActiveCfg = Release|Any CPU
		{67C6C1B5-3718-4540-A88D-83FE486AE922}.Release|Mixed Platforms.Build.0 = Release|Any CPU
		{67C6C1B5-3718-4540-A88D-83FE486AE922}.Release|x86.ActiveCfg = Release|Any CPU
		{C8818BE0-C787-4386-8B0A-08FAEDA7E29B}.Debug|Any CPU.ActiveCfg = Debug|Any CPU
		{C8818BE0-C787-4386-8B0A-08FAEDA7E29B}.Debug|Any CPU.Build.0 = Debug|Any CPU
		{C8818BE0-C787-4386-8B0A-08FAEDA7E29B}.Debug|Mixed Platforms.ActiveCfg = Debug|Any CPU
		{C8818BE0-C787-4386-8B0A-08FAEDA7E29B}.Debug|Mixed Platforms.Build.0 = Debug|Any CPU
		{C8818BE0-C787-4386-8B0A-08FAEDA7E29B}.Debug|x86.ActiveCfg = Debug|Any CPU
		{C8818BE0-C787-4386-8B0A-08FAEDA7E29B}.Release|Any CPU.ActiveCfg = Release|Any CPU
		{C8818BE0-C787-4386-8B0A-08FAEDA7E29B}.Release|Any CPU.Build.0 = Release|Any CPU
		{C8818BE0-C787-4386-8B0A-08FAEDA7E29B}.Release|Mixed Platforms.ActiveCfg = Release|Any CPU
		{C8818BE0-C787-4386-8B0A-08FAEDA7E29B}.Release|Mixed Platforms.Build.0 = Release|Any CPU
		{C8818BE0-C787-4386-8B0A-08FAEDA7E29B}.Release|x86.ActiveCfg = Release|Any CPU
		{02745211-F118-4833-8A60-CBAB49CC1C47}.Debug|Any CPU.ActiveCfg = Debug|Any CPU
		{02745211-F118-4833-8A60-CBAB49CC1C47}.Debug|Any CPU.Build.0 = Debug|Any CPU
		{02745211-F118-4833-8A60-CBAB49CC1C47}.Debug|Mixed Platforms.ActiveCfg = Debug|Any CPU
		{02745211-F118-4833-8A60-CBAB49CC1C47}.Debug|Mixed Platforms.Build.0 = Debug|Any CPU
		{02745211-F118-4833-8A60-CBAB49CC1C47}.Debug|x86.ActiveCfg = Debug|Any CPU
		{02745211-F118-4833-8A60-CBAB49CC1C47}.Release|Any CPU.ActiveCfg = Release|Any CPU
		{02745211-F118-4833-8A60-CBAB49CC1C47}.Release|Any CPU.Build.0 = Release|Any CPU
		{02745211-F118-4833-8A60-CBAB49CC1C47}.Release|Mixed Platforms.ActiveCfg = Release|Any CPU
		{02745211-F118-4833-8A60-CBAB49CC1C47}.Release|Mixed Platforms.Build.0 = Release|Any CPU
		{02745211-F118-4833-8A60-CBAB49CC1C47}.Release|x86.ActiveCfg = Release|Any CPU
		{49316BF5-E7FC-4E5F-A54A-4D5482073C02}.Debug|Any CPU.ActiveCfg = Debug|Any CPU
		{49316BF5-E7FC-4E5F-A54A-4D5482073C02}.Debug|Any CPU.Build.0 = Debug|Any CPU
		{49316BF5-E7FC-4E5F-A54A-4D5482073C02}.Debug|Mixed Platforms.ActiveCfg = Debug|Any CPU
		{49316BF5-E7FC-4E5F-A54A-4D5482073C02}.Debug|Mixed Platforms.Build.0 = Debug|Any CPU
		{49316BF5-E7FC-4E5F-A54A-4D5482073C02}.Debug|x86.ActiveCfg = Debug|Any CPU
		{49316BF5-E7FC-4E5F-A54A-4D5482073C02}.Release|Any CPU.ActiveCfg = Release|Any CPU
		{49316BF5-E7FC-4E5F-A54A-4D5482073C02}.Release|Any CPU.Build.0 = Release|Any CPU
		{49316BF5-E7FC-4E5F-A54A-4D5482073C02}.Release|Mixed Platforms.ActiveCfg = Release|Any CPU
		{49316BF5-E7FC-4E5F-A54A-4D5482073C02}.Release|Mixed Platforms.Build.0 = Release|Any CPU
		{49316BF5-E7FC-4E5F-A54A-4D5482073C02}.Release|x86.ActiveCfg = Release|Any CPU
		{34180BB0-6346-461B-9AD4-32E4E3C90DC6}.Debug|Any CPU.ActiveCfg = Debug|Any CPU
		{34180BB0-6346-461B-9AD4-32E4E3C90DC6}.Debug|Any CPU.Build.0 = Debug|Any CPU
		{34180BB0-6346-461B-9AD4-32E4E3C90DC6}.Debug|Any CPU.Deploy.0 = Debug|Any CPU
		{34180BB0-6346-461B-9AD4-32E4E3C90DC6}.Debug|Mixed Platforms.ActiveCfg = Debug|Any CPU
		{34180BB0-6346-461B-9AD4-32E4E3C90DC6}.Debug|Mixed Platforms.Deploy.0 = Debug|Any CPU
		{34180BB0-6346-461B-9AD4-32E4E3C90DC6}.Debug|x86.ActiveCfg = Debug|Any CPU
		{34180BB0-6346-461B-9AD4-32E4E3C90DC6}.Release|Any CPU.ActiveCfg = Release|Any CPU
		{34180BB0-6346-461B-9AD4-32E4E3C90DC6}.Release|Any CPU.Build.0 = Release|Any CPU
		{34180BB0-6346-461B-9AD4-32E4E3C90DC6}.Release|Any CPU.Deploy.0 = Release|Any CPU
		{34180BB0-6346-461B-9AD4-32E4E3C90DC6}.Release|Mixed Platforms.ActiveCfg = Release|Any CPU
		{34180BB0-6346-461B-9AD4-32E4E3C90DC6}.Release|Mixed Platforms.Build.0 = Release|Any CPU
		{34180BB0-6346-461B-9AD4-32E4E3C90DC6}.Release|Mixed Platforms.Deploy.0 = Release|Any CPU
		{34180BB0-6346-461B-9AD4-32E4E3C90DC6}.Release|x86.ActiveCfg = Release|Any CPU
		{442F269D-F28E-4C60-8AEA-0E3A8B64EEDC}.Debug|Any CPU.ActiveCfg = Debug|Any CPU
		{442F269D-F28E-4C60-8AEA-0E3A8B64EEDC}.Debug|Any CPU.Build.0 = Debug|Any CPU
		{442F269D-F28E-4C60-8AEA-0E3A8B64EEDC}.Debug|Mixed Platforms.ActiveCfg = Debug|Any CPU
		{442F269D-F28E-4C60-8AEA-0E3A8B64EEDC}.Debug|Mixed Platforms.Build.0 = Debug|Any CPU
		{442F269D-F28E-4C60-8AEA-0E3A8B64EEDC}.Debug|x86.ActiveCfg = Debug|Any CPU
		{442F269D-F28E-4C60-8AEA-0E3A8B64EEDC}.Release|Any CPU.ActiveCfg = Release|Any CPU
		{442F269D-F28E-4C60-8AEA-0E3A8B64EEDC}.Release|Any CPU.Build.0 = Release|Any CPU
		{442F269D-F28E-4C60-8AEA-0E3A8B64EEDC}.Release|Mixed Platforms.ActiveCfg = Release|Any CPU
		{442F269D-F28E-4C60-8AEA-0E3A8B64EEDC}.Release|Mixed Platforms.Build.0 = Release|Any CPU
		{442F269D-F28E-4C60-8AEA-0E3A8B64EEDC}.Release|x86.ActiveCfg = Release|Any CPU
		{76EBF78A-B5CD-4562-B838-AC610D3AAC90}.Debug|Any CPU.ActiveCfg = Debug|Any CPU
		{76EBF78A-B5CD-4562-B838-AC610D3AAC90}.Debug|Any CPU.Build.0 = Debug|Any CPU
		{76EBF78A-B5CD-4562-B838-AC610D3AAC90}.Debug|Mixed Platforms.ActiveCfg = Debug|Any CPU
		{76EBF78A-B5CD-4562-B838-AC610D3AAC90}.Debug|Mixed Platforms.Build.0 = Debug|Any CPU
		{76EBF78A-B5CD-4562-B838-AC610D3AAC90}.Debug|x86.ActiveCfg = Debug|Any CPU
		{76EBF78A-B5CD-4562-B838-AC610D3AAC90}.Release|Any CPU.ActiveCfg = Release|Any CPU
		{76EBF78A-B5CD-4562-B838-AC610D3AAC90}.Release|Any CPU.Build.0 = Release|Any CPU
		{76EBF78A-B5CD-4562-B838-AC610D3AAC90}.Release|Mixed Platforms.ActiveCfg = Release|Any CPU
		{76EBF78A-B5CD-4562-B838-AC610D3AAC90}.Release|Mixed Platforms.Build.0 = Release|Any CPU
		{76EBF78A-B5CD-4562-B838-AC610D3AAC90}.Release|x86.ActiveCfg = Release|Any CPU
		{206413C4-EEE5-4820-86C7-C4C874D5DD0F}.Debug|Any CPU.ActiveCfg = Debug|Any CPU
		{206413C4-EEE5-4820-86C7-C4C874D5DD0F}.Debug|Any CPU.Build.0 = Debug|Any CPU
		{206413C4-EEE5-4820-86C7-C4C874D5DD0F}.Debug|Mixed Platforms.ActiveCfg = Debug|Any CPU
		{206413C4-EEE5-4820-86C7-C4C874D5DD0F}.Debug|Mixed Platforms.Build.0 = Debug|Any CPU
		{206413C4-EEE5-4820-86C7-C4C874D5DD0F}.Debug|x86.ActiveCfg = Debug|Any CPU
		{206413C4-EEE5-4820-86C7-C4C874D5DD0F}.Release|Any CPU.ActiveCfg = Release|Any CPU
		{206413C4-EEE5-4820-86C7-C4C874D5DD0F}.Release|Any CPU.Build.0 = Release|Any CPU
		{206413C4-EEE5-4820-86C7-C4C874D5DD0F}.Release|Mixed Platforms.ActiveCfg = Release|Any CPU
		{206413C4-EEE5-4820-86C7-C4C874D5DD0F}.Release|Mixed Platforms.Build.0 = Release|Any CPU
		{206413C4-EEE5-4820-86C7-C4C874D5DD0F}.Release|x86.ActiveCfg = Release|Any CPU
		{BA157117-F8E4-4720-A6F5-55339959E272}.Debug|Any CPU.ActiveCfg = Debug|Any CPU
		{BA157117-F8E4-4720-A6F5-55339959E272}.Debug|Any CPU.Build.0 = Debug|Any CPU
		{BA157117-F8E4-4720-A6F5-55339959E272}.Debug|Mixed Platforms.ActiveCfg = Debug|Any CPU
		{BA157117-F8E4-4720-A6F5-55339959E272}.Debug|Mixed Platforms.Build.0 = Debug|Any CPU
		{BA157117-F8E4-4720-A6F5-55339959E272}.Debug|x86.ActiveCfg = Debug|Any CPU
		{BA157117-F8E4-4720-A6F5-55339959E272}.Release|Any CPU.ActiveCfg = Release|Any CPU
		{BA157117-F8E4-4720-A6F5-55339959E272}.Release|Any CPU.Build.0 = Release|Any CPU
		{BA157117-F8E4-4720-A6F5-55339959E272}.Release|Mixed Platforms.ActiveCfg = Release|Any CPU
		{BA157117-F8E4-4720-A6F5-55339959E272}.Release|Mixed Platforms.Build.0 = Release|Any CPU
		{BA157117-F8E4-4720-A6F5-55339959E272}.Release|x86.ActiveCfg = Release|Any CPU
		{AAFD2851-D852-4AC1-832A-9F16542EB241}.Debug|Any CPU.ActiveCfg = Debug|Any CPU
		{AAFD2851-D852-4AC1-832A-9F16542EB241}.Debug|Any CPU.Build.0 = Debug|Any CPU
		{AAFD2851-D852-4AC1-832A-9F16542EB241}.Debug|Mixed Platforms.ActiveCfg = Debug|Any CPU
		{AAFD2851-D852-4AC1-832A-9F16542EB241}.Debug|Mixed Platforms.Build.0 = Debug|Any CPU
		{AAFD2851-D852-4AC1-832A-9F16542EB241}.Debug|x86.ActiveCfg = Debug|Any CPU
		{AAFD2851-D852-4AC1-832A-9F16542EB241}.Release|Any CPU.ActiveCfg = Release|Any CPU
		{AAFD2851-D852-4AC1-832A-9F16542EB241}.Release|Any CPU.Build.0 = Release|Any CPU
		{AAFD2851-D852-4AC1-832A-9F16542EB241}.Release|Mixed Platforms.ActiveCfg = Release|Any CPU
		{AAFD2851-D852-4AC1-832A-9F16542EB241}.Release|Mixed Platforms.Build.0 = Release|Any CPU
		{AAFD2851-D852-4AC1-832A-9F16542EB241}.Release|x86.ActiveCfg = Release|Any CPU
		{29945141-063A-4EC4-8DB0-51528432E041}.Debug|Any CPU.ActiveCfg = Debug|Any CPU
		{29945141-063A-4EC4-8DB0-51528432E041}.Debug|Any CPU.Build.0 = Debug|Any CPU
		{29945141-063A-4EC4-8DB0-51528432E041}.Debug|Mixed Platforms.ActiveCfg = Debug|Any CPU
		{29945141-063A-4EC4-8DB0-51528432E041}.Debug|Mixed Platforms.Build.0 = Debug|Any CPU
		{29945141-063A-4EC4-8DB0-51528432E041}.Debug|x86.ActiveCfg = Debug|Any CPU
		{29945141-063A-4EC4-8DB0-51528432E041}.Release|Any CPU.ActiveCfg = Release|Any CPU
		{29945141-063A-4EC4-8DB0-51528432E041}.Release|Any CPU.Build.0 = Release|Any CPU
		{29945141-063A-4EC4-8DB0-51528432E041}.Release|Mixed Platforms.ActiveCfg = Release|Any CPU
		{29945141-063A-4EC4-8DB0-51528432E041}.Release|Mixed Platforms.Build.0 = Release|Any CPU
		{29945141-063A-4EC4-8DB0-51528432E041}.Release|x86.ActiveCfg = Release|Any CPU
	EndGlobalSection
	GlobalSection(SolutionProperties) = preSolution
		HideSolutionNode = FALSE
	EndGlobalSection
	GlobalSection(NestedProjects) = preSolution
		{6EDC4C4B-2332-4065-A43F-11A17C8179CF} = {AA679EBC-0A56-4C83-A52C-8D0BC14A76A6}
		{09418F81-3128-4757-BB88-7207AC3FF7F3} = {AA679EBC-0A56-4C83-A52C-8D0BC14A76A6}
		{A0AA0538-5B57-4865-BFA1-302C37945572} = {AA679EBC-0A56-4C83-A52C-8D0BC14A76A6}
		{64909DDD-6C75-4882-98FE-BC7B3B2D872B} = {AA679EBC-0A56-4C83-A52C-8D0BC14A76A6}
		{E543C9F2-6A48-45E2-9485-EA100546B9D1} = {AA679EBC-0A56-4C83-A52C-8D0BC14A76A6}
		{0604C9D5-04AF-4FA7-AB43-D5B09E08182C} = {6EDC4C4B-2332-4065-A43F-11A17C8179CF}
		{71573BF1-7F35-46A5-AE3A-B78978D18E70} = {A0AA0538-5B57-4865-BFA1-302C37945572}
		{4767B2FC-EBDF-4AD8-BC47-59B637CC688C} = {A0AA0538-5B57-4865-BFA1-302C37945572}
		{7728CFE4-726F-4C5A-9C83-4232FB50DC59} = {09418F81-3128-4757-BB88-7207AC3FF7F3}
		{E3EC3358-76B3-45FE-BB2A-3D3290C6EC94} = {09418F81-3128-4757-BB88-7207AC3FF7F3}
		{91B60DE7-C637-4607-B3FC-819B32BF867E} = {64909DDD-6C75-4882-98FE-BC7B3B2D872B}
		{549E7179-9990-4CCB-B147-3718CAD50C00} = {64909DDD-6C75-4882-98FE-BC7B3B2D872B}
		{672994BE-E14D-4C2E-83F0-F14C13AB999F} = {E543C9F2-6A48-45E2-9485-EA100546B9D1}
		{E18451B0-D690-44BC-B86A-799678B1CA82} = {672994BE-E14D-4C2E-83F0-F14C13AB999F}
		{EEB86149-2352-470D-BE79-5D83FD14F3E4} = {672994BE-E14D-4C2E-83F0-F14C13AB999F}
		{193CCC7E-4567-48CF-9219-63BE43856F5B} = {E543C9F2-6A48-45E2-9485-EA100546B9D1}
		{E195BFBF-CC63-4CCD-B674-22382E81C382} = {193CCC7E-4567-48CF-9219-63BE43856F5B}
		{1D4DE361-72DD-43B5-A024-FF9588C793C5} = {E543C9F2-6A48-45E2-9485-EA100546B9D1}
		{0FA44DDC-7461-4F9F-ADFA-A8898288F476} = {EEB86149-2352-470D-BE79-5D83FD14F3E4}
		{88DCA67C-B827-4312-B97B-BCE5265F8882} = {549E7179-9990-4CCB-B147-3718CAD50C00}
		{61DE3CC2-E22B-47D9-AE46-47A28BF859A7} = {E18451B0-D690-44BC-B86A-799678B1CA82}
		{5A14A1FB-350C-432F-B5E3-778607CED0DD} = {91B60DE7-C637-4607-B3FC-819B32BF867E}
		{0618C481-881F-4736-98C4-98A6F284C377} = {4767B2FC-EBDF-4AD8-BC47-59B637CC688C}
		{3F77741F-CC79-4072-91CB-52FFEF46B9DC} = {4767B2FC-EBDF-4AD8-BC47-59B637CC688C}
		{67C6C1B5-3718-4540-A88D-83FE486AE922} = {71573BF1-7F35-46A5-AE3A-B78978D18E70}
		{C8818BE0-C787-4386-8B0A-08FAEDA7E29B} = {1D4DE361-72DD-43B5-A024-FF9588C793C5}
		{02745211-F118-4833-8A60-CBAB49CC1C47} = {E195BFBF-CC63-4CCD-B674-22382E81C382}
		{49316BF5-E7FC-4E5F-A54A-4D5482073C02} = {E195BFBF-CC63-4CCD-B674-22382E81C382}
		{34180BB0-6346-461B-9AD4-32E4E3C90DC6} = {73D1BFC4-301A-43EA-9032-E03365B984C4}
		{442F269D-F28E-4C60-8AEA-0E3A8B64EEDC} = {0604C9D5-04AF-4FA7-AB43-D5B09E08182C}
		{76EBF78A-B5CD-4562-B838-AC610D3AAC90} = {7728CFE4-726F-4C5A-9C83-4232FB50DC59}
		{206413C4-EEE5-4820-86C7-C4C874D5DD0F} = {E3EC3358-76B3-45FE-BB2A-3D3290C6EC94}
		{BA157117-F8E4-4720-A6F5-55339959E272} = {549E7179-9990-4CCB-B147-3718CAD50C00}
		{AAFD2851-D852-4AC1-832A-9F16542EB241} = {4767B2FC-EBDF-4AD8-BC47-59B637CC688C}
		{29945141-063A-4EC4-8DB0-51528432E041} = {0604C9D5-04AF-4FA7-AB43-D5B09E08182C}
	EndGlobalSection
EndGlobal
